
Microsoft Visual Studio Solution File, Format Version 12.00
# Visual Studio 14
VisualStudioVersion = 14.0.25420.1
MinimumVisualStudioVersion = 10.0.40219.1
Project("{FAE04EC0-301F-11D3-BF4B-00C04F79EFBC}") = "Cardgame", "Cardgame.csproj", "{07746572-A921-439D-8016-8E9EA3FCB033}"
EndProject
Project("{FAE04EC0-301F-11D3-BF4B-00C04F79EFBC}") = "Cardgame.Library", "..\Cardgame.Library\Cardgame.Library.csproj", "{CD724367-70A7-4F10-841A-066C17922566}"
EndProject
Project("{FAE04EC0-301F-11D3-BF4B-00C04F79EFBC}") = "Cardgame.Tester", "Cardgame.Tester\Cardgame.Tester.csproj", "{118195C7-C65F-412A-8D54-BE2FB6571216}"
EndProject
Project("{FAE04EC0-301F-11D3-BF4B-00C04F79EFBC}") = "TestLibrary", "TestLibrary\TestLibrary.csproj", "{321C6CE8-BD65-48DB-84AF-B45E7E77A63C}"
EndProject
Global
	GlobalSection(SolutionConfigurationPlatforms) = preSolution
		Debug|Any CPU = Debug|Any CPU
		Release|Any CPU = Release|Any CPU
	EndGlobalSection
	GlobalSection(ProjectConfigurationPlatforms) = postSolution
		{07746572-A921-439D-8016-8E9EA3FCB033}.Debug|Any CPU.ActiveCfg = Debug|Any CPU
		{07746572-A921-439D-8016-8E9EA3FCB033}.Debug|Any CPU.Build.0 = Debug|Any CPU
		{07746572-A921-439D-8016-8E9EA3FCB033}.Release|Any CPU.ActiveCfg = Release|Any CPU
		{07746572-A921-439D-8016-8E9EA3FCB033}.Release|Any CPU.Build.0 = Release|Any CPU
		{CD724367-70A7-4F10-841A-066C17922566}.Debug|Any CPU.ActiveCfg = Debug|Any CPU
		{CD724367-70A7-4F10-841A-066C17922566}.Debug|Any CPU.Build.0 = Debug|Any CPU
		{CD724367-70A7-4F10-841A-066C17922566}.Release|Any CPU.ActiveCfg = Release|Any CPU
		{CD724367-70A7-4F10-841A-066C17922566}.Release|Any CPU.Build.0 = Release|Any CPU
		{118195C7-C65F-412A-8D54-BE2FB6571216}.Debug|Any CPU.ActiveCfg = Debug|Any CPU
		{118195C7-C65F-412A-8D54-BE2FB6571216}.Debug|Any CPU.Build.0 = Debug|Any CPU
		{118195C7-C65F-412A-8D54-BE2FB6571216}.Release|Any CPU.ActiveCfg = Release|Any CPU
		{118195C7-C65F-412A-8D54-BE2FB6571216}.Release|Any CPU.Build.0 = Release|Any CPU
		{321C6CE8-BD65-48DB-84AF-B45E7E77A63C}.Debug|Any CPU.ActiveCfg = Debug|Any CPU
		{321C6CE8-BD65-48DB-84AF-B45E7E77A63C}.Debug|Any CPU.Build.0 = Debug|Any CPU
		{321C6CE8-BD65-48DB-84AF-B45E7E77A63C}.Release|Any CPU.ActiveCfg = Release|Any CPU
		{321C6CE8-BD65-48DB-84AF-B45E7E77A63C}.Release|Any CPU.Build.0 = Release|Any CPU
	EndGlobalSection
	GlobalSection(SolutionProperties) = preSolution
		HideSolutionNode = FALSE
	EndGlobalSection
EndGlobal
